{
  "name": "fs-in-localstorage",
  "version": "0.1.0",
  "lockfileVersion": 2,
  "requires": true,
  "packages": {
    "": {
      "name": "fs-in-localstorage",
      "version": "0.1.0",
      "license": "ISC",
      "dependencies": {
        "ts-pattern": "^4.0.6",
        "typescript": "^4.9.3",
        "variant-ts": "^0.0.13"
      }
    },
    "node_modules/ts-pattern": {
      "version": "4.0.6",
      "resolved": "https://registry.npmjs.org/ts-pattern/-/ts-pattern-4.0.6.tgz",
      "integrity": "sha512-sFHQYD4KoysBi7e7a2mzDPvRBeqA4w+vEyRE+P5MU9VLq8eEYxgKCgD9RNEAT+itGRWUTYN+hry94GDPLb1/Yw=="
    },
    "node_modules/typescript": {
      "version": "4.9.3",
      "resolved": "https://registry.npmjs.org/typescript/-/typescript-4.9.3.tgz",
      "integrity": "sha512-CIfGzTelbKNEnLpLdGFgdyKhG23CKdKgQPOBc+OUNrkJ2vr+KSzsSV5kq5iWhEQbok+quxgGzrAtGWCyU7tHnA==",
      "bin": {
        "tsc": "bin/tsc",
        "tsserver": "bin/tsserver"
      },
      "engines": {
        "node": ">=4.2.0"
      }
    },
    "node_modules/variant-ts": {
      "version": "0.0.13",
      "resolved": "https://registry.npmjs.org/variant-ts/-/variant-ts-0.0.13.tgz",
      "integrity": "sha512-woQb0Ma6nOAecRUGk70UXRtJnZxPUUFY6qM7QuR2oRdRCwsLtNz9Yyh/L8i5PJ8MJPexZWOGcv9s5C55IKXnVw==",
      "dependencies": {
        "ts-pattern": "^4.0.5"
      }
    }
  },
  "dependencies": {
    "ts-pattern": {
      "version": "4.0.6",
      "resolved": "https://registry.npmjs.org/ts-pattern/-/ts-pattern-4.0.6.tgz",
      "integrity": "sha512-sFHQYD4KoysBi7e7a2mzDPvRBeqA4w+vEyRE+P5MU9VLq8eEYxgKCgD9RNEAT+itGRWUTYN+hry94GDPLb1/Yw=="
    },
    "typescript": {
      "version": "4.9.3",
      "resolved": "https://registry.npmjs.org/typescript/-/typescript-4.9.3.tgz",
      "integrity": "sha512-CIfGzTelbKNEnLpLdGFgdyKhG23CKdKgQPOBc+OUNrkJ2vr+KSzsSV5kq5iWhEQbok+quxgGzrAtGWCyU7tHnA=="
    },
    "variant-ts": {
      "version": "0.0.13",
      "resolved": "https://registry.npmjs.org/variant-ts/-/variant-ts-0.0.13.tgz",
      "integrity": "sha512-woQb0Ma6nOAecRUGk70UXRtJnZxPUUFY6qM7QuR2oRdRCwsLtNz9Yyh/L8i5PJ8MJPexZWOGcv9s5C55IKXnVw==",
      "requires": {
        "ts-pattern": "^4.0.5"
      }
    }
  }
}
